{
  "name": "iris-workspace",
  "version": "0.1.0",
  "lockfileVersion": 3,
  "requires": true,
  "packages": {
    "": {
      "name": "iris-workspace",
      "version": "0.1.0",
      "license": "MIT",
      "workspaces": [
        "packages/*",
        "tests"
      ],
      "devDependencies": {
        "@types/node": "^25.9.3",
        "typescript": "^6.0.3"
      },
      "engines": {
        "node": ">=24"
      }
    },
    "node_modules/@iris/agent": {
      "resolved": "packages/agent",
      "link": true
    },
    "node_modules/@iris/audit": {
      "resolved": "packages/audit",
      "link": true
    },
    "node_modules/@iris/auth": {
      "resolved": "packages/auth",
      "link": true
    },
    "node_modules/@iris/bundle-coding": {
      "resolved": "packages/bundle-coding",
      "link": true
    },
    "node_modules/@iris/channel-mcp": {
      "resolved": "packages/channel-mcp",
      "link": true
    },
    "node_modules/@iris/channel-rest": {
      "resolved": "packages/channel-rest",
      "link": true
    },
    "node_modules/@iris/channel-web": {
      "resolved": "packages/channel-web",
      "link": true
    },
    "node_modules/@iris/client-sdk": {
      "resolved": "packages/client-sdk",
      "link": true
    },
    "node_modules/@iris/core": {
      "resolved": "packages/core",
      "link": true
    },
    "node_modules/@iris/demo": {
      "resolved": "packages/demo",
      "link": true
    },
    "node_modules/@iris/evals": {
      "resolved": "packages/evals",
      "link": true
    },
    "node_modules/@iris/host": {
      "resolved": "packages/host",
      "link": true
    },
    "node_modules/@iris/inspect": {
      "resolved": "packages/inspect",
      "link": true
    },
    "node_modules/@iris/observe": {
      "resolved": "packages/observe",
      "link": true
    },
    "node_modules/@iris/provider-anthropic": {
      "resolved": "packages/provider-anthropic",
      "link": true
    },
    "node_modules/@iris/provider-openai": {
      "resolved": "packages/provider-openai",
      "link": true
    },
    "node_modules/@iris/sandbox": {
      "resolved": "packages/sandbox",
      "link": true
    },
    "node_modules/@iris/schedule": {
      "resolved": "packages/schedule",
      "link": true
    },
    "node_modules/@iris/store-do": {
      "resolved": "packages/store-do",
      "link": true
    },
    "node_modules/@iris/store-fs": {
      "resolved": "packages/store-fs",
      "link": true
    },
    "node_modules/@iris/store-memory": {
      "resolved": "packages/store-memory",
      "link": true
    },
    "node_modules/@iris/store-sqlite": {
      "resolved": "packages/store-sqlite",
      "link": true
    },
    "node_modules/@iris/subagents": {
      "resolved": "packages/subagents",
      "link": true
    },
    "node_modules/@iris/tests": {
      "resolved": "tests",
      "link": true
    },
    "node_modules/@iris/tools": {
      "resolved": "packages/tools",
      "link": true
    },
    "node_modules/@types/node": {
      "version": "25.9.3",
      "resolved": "https://registry.npmjs.org/@types/node/-/node-25.9.3.tgz",
      "integrity": "sha512-603BddQMv3pUcr4U2dhujk83N2tTDVr/34wII2B6bJy6g+8WD6yUb11jszNs0gdi4PesVWl7ABt8nYMVpnLUcg==",
      "dev": true,
      "license": "MIT",
      "dependencies": {
        "undici-types": ">=7.24.0 <7.24.7"
      }
    },
    "node_modules/iris": {
      "resolved": "packages/cli",
      "link": true
    },
    "node_modules/typescript": {
      "version": "6.0.3",
      "resolved": "https://registry.npmjs.org/typescript/-/typescript-6.0.3.tgz",
      "integrity": "sha512-y2TvuxSZPDyQakkFRPZHKFm+KKVqIisdg9/CZwm9ftvKXLP8NRWj38/ODjNbr43SsoXqNuAisEf1GdCxqWcdBw==",
      "dev": true,
      "license": "Apache-2.0",
      "bin": {
        "tsc": "bin/tsc",
        "tsserver": "bin/tsserver"
      },
      "engines": {
        "node": ">=14.17"
      }
    },
    "node_modules/undici-types": {
      "version": "7.24.6",
      "resolved": "https://registry.npmjs.org/undici-types/-/undici-types-7.24.6.tgz",
      "integrity": "sha512-WRNW+sJgj5OBN4/0JpHFqtqzhpbnV0GuB+OozA9gCL7a993SmU+1JBZCzLNxYsbMfIeDL+lTsphD5jN5N+n0zg==",
      "dev": true,
      "license": "MIT"
    },
    "packages/agent": {
      "name": "@iris/agent",
      "version": "0.1.0",
      "license": "MIT",
      "dependencies": {
        "@iris/core": "^0.1.0",
        "@iris/tools": "^0.1.0"
      },
      "engines": {
        "node": ">=24"
      }
    },
    "packages/audit": {
      "name": "@iris/audit",
      "version": "0.1.0",
      "license": "MIT",
      "dependencies": {
        "@iris/auth": "^0.1.0",
        "@iris/core": "^0.1.0"
      },
      "engines": {
        "node": ">=24"
      }
    },
    "packages/auth": {
      "name": "@iris/auth",
      "version": "0.1.0",
      "license": "MIT",
      "dependencies": {
        "@iris/core": "^0.1.0",
        "@iris/inspect": "^0.1.0"
      },
      "engines": {
        "node": ">=24"
      }
    },
    "packages/bundle-coding": {
      "name": "@iris/bundle-coding",
      "version": "0.1.0",
      "license": "MIT",
      "dependencies": {
        "@iris/core": "^0.1.0"
      },
      "engines": {
        "node": ">=24"
      }
    },
    "packages/channel-mcp": {
      "name": "@iris/channel-mcp",
      "version": "0.1.0",
      "license": "MIT",
      "dependencies": {
        "@iris/core": "^0.1.0",
        "@iris/host": "^0.1.0"
      },
      "engines": {
        "node": ">=24"
      }
    },
    "packages/channel-rest": {
      "name": "@iris/channel-rest",
      "version": "0.1.0",
      "license": "MIT",
      "dependencies": {
        "@iris/core": "^0.1.0",
        "@iris/host": "^0.1.0"
      },
      "engines": {
        "node": ">=24"
      }
    },
    "packages/channel-web": {
      "name": "@iris/channel-web",
      "version": "0.1.0",
      "license": "MIT",
      "engines": {
        "node": ">=24"
      }
    },
    "packages/cli": {
      "name": "iris",
      "version": "0.1.0",
      "license": "MIT",
      "dependencies": {
        "@iris/agent": "^0.1.0",
        "@iris/audit": "^0.1.0",
        "@iris/auth": "^0.1.0",
        "@iris/channel-rest": "^0.1.0",
        "@iris/channel-web": "^0.1.0",
        "@iris/core": "^0.1.0",
        "@iris/evals": "^0.1.0",
        "@iris/host": "^0.1.0",
        "@iris/provider-anthropic": "^0.1.0",
        "@iris/provider-openai": "^0.1.0",
        "@iris/schedule": "^0.1.0",
        "@iris/store-do": "^0.1.0",
        "@iris/store-sqlite": "^0.1.0",
        "@iris/subagents": "^0.1.0",
        "@iris/tools": "^0.1.0"
      },
      "bin": {
        "iris": "dist/cli-main.js"
      },
      "engines": {
        "node": ">=24"
      }
    },
    "packages/client-sdk": {
      "name": "@iris/client-sdk",
      "version": "0.1.0",
      "license": "MIT",
      "dependencies": {
        "@iris/core": "^0.1.0"
      },
      "engines": {
        "node": ">=24"
      }
    },
    "packages/core": {
      "name": "@iris/core",
      "version": "0.1.0",
      "license": "MIT",
      "engines": {
        "node": ">=24"
      }
    },
    "packages/demo": {
      "name": "@iris/demo",
      "version": "0.1.0",
      "license": "MIT",
      "dependencies": {
        "@iris/core": "^0.1.0",
        "@iris/store-sqlite": "^0.1.0"
      }
    },
    "packages/evals": {
      "name": "@iris/evals",
      "version": "0.1.0",
      "license": "MIT",
      "dependencies": {
        "@iris/core": "^0.1.0",
        "@iris/inspect": "^0.1.0"
      },
      "engines": {
        "node": ">=24"
      }
    },
    "packages/host": {
      "name": "@iris/host",
      "version": "0.1.0",
      "license": "MIT",
      "dependencies": {
        "@iris/agent": "^0.1.0",
        "@iris/core": "^0.1.0"
      },
      "engines": {
        "node": ">=24"
      }
    },
    "packages/inspect": {
      "name": "@iris/inspect",
      "version": "0.1.0",
      "license": "MIT",
      "dependencies": {
        "@iris/core": "^0.1.0"
      },
      "engines": {
        "node": ">=24"
      }
    },
    "packages/observe": {
      "name": "@iris/observe",
      "version": "0.1.0",
      "license": "MIT",
      "dependencies": {
        "@iris/core": "^0.1.0",
        "@iris/inspect": "^0.1.0"
      },
      "engines": {
        "node": ">=24"
      }
    },
    "packages/provider-anthropic": {
      "name": "@iris/provider-anthropic",
      "version": "0.1.0",
      "license": "MIT",
      "dependencies": {
        "@iris/core": "^0.1.0"
      },
      "engines": {
        "node": ">=24"
      }
    },
    "packages/provider-openai": {
      "name": "@iris/provider-openai",
      "version": "0.1.0",
      "license": "MIT",
      "dependencies": {
        "@iris/core": "^0.1.0"
      },
      "engines": {
        "node": ">=24"
      }
    },
    "packages/sandbox": {
      "name": "@iris/sandbox",
      "version": "0.1.0",
      "license": "MIT",
      "dependencies": {
        "@iris/core": "^0.1.0"
      },
      "engines": {
        "node": ">=24"
      }
    },
    "packages/schedule": {
      "name": "@iris/schedule",
      "version": "0.1.0",
      "license": "MIT",
      "dependencies": {
        "@iris/core": "^0.1.0",
        "@iris/host": "^0.1.0"
      },
      "engines": {
        "node": ">=24"
      }
    },
    "packages/store-do": {
      "name": "@iris/store-do",
      "version": "0.1.0",
      "license": "MIT",
      "dependencies": {
        "@iris/core": "^0.1.0"
      },
      "engines": {
        "node": ">=24"
      }
    },
    "packages/store-fs": {
      "name": "@iris/store-fs",
      "version": "0.1.0",
      "license": "MIT",
      "dependencies": {
        "@iris/core": "^0.1.0"
      },
      "engines": {
        "node": ">=24"
      }
    },
    "packages/store-memory": {
      "name": "@iris/store-memory",
      "version": "0.1.0",
      "license": "MIT",
      "dependencies": {
        "@iris/core": "^0.1.0"
      },
      "engines": {
        "node": ">=24"
      }
    },
    "packages/store-sqlite": {
      "name": "@iris/store-sqlite",
      "version": "0.1.0",
      "license": "MIT",
      "dependencies": {
        "@iris/core": "^0.1.0"
      },
      "engines": {
        "node": ">=24"
      }
    },
    "packages/subagents": {
      "name": "@iris/subagents",
      "version": "0.1.0",
      "license": "MIT",
      "dependencies": {
        "@iris/core": "^0.1.0",
        "@iris/host": "^0.1.0"
      },
      "engines": {
        "node": ">=24"
      }
    },
    "packages/tools": {
      "name": "@iris/tools",
      "version": "0.1.0",
      "license": "MIT",
      "dependencies": {
        "@iris/core": "^0.1.0"
      },
      "engines": {
        "node": ">=24"
      }
    },
    "tests": {
      "name": "@iris/tests",
      "version": "0.0.0",
      "dependencies": {
        "@iris/agent": "*",
        "@iris/audit": "*",
        "@iris/bundle-coding": "*",
        "@iris/channel-mcp": "*",
        "@iris/channel-rest": "*",
        "@iris/core": "*",
        "@iris/demo": "*",
        "@iris/evals": "*",
        "@iris/host": "*",
        "@iris/inspect": "*",
        "@iris/observe": "*",
        "@iris/provider-anthropic": "*",
        "@iris/provider-openai": "*",
        "@iris/sandbox": "*",
        "@iris/store-do": "*",
        "@iris/store-fs": "*",
        "@iris/store-memory": "*",
        "@iris/store-sqlite": "*",
        "@iris/tools": "*",
        "iris": "*"
      }
    }
  }
}
