{
  "name": "iris-workspace",
  "version": "0.3.0",
  "lockfileVersion": 3,
  "requires": true,
  "packages": {
    "": {
      "name": "iris-workspace",
      "version": "0.3.0",
      "license": "MIT",
      "workspaces": [
        "packages/*",
        "tests"
      ],
      "devDependencies": {
        "@types/node": "^25.9.3",
        "typescript": "^6.0.3"
      },
      "engines": {
        "node": ">=24"
      }
    },
    "node_modules/@irisrun/agent": {
      "resolved": "packages/agent",
      "link": true
    },
    "node_modules/@irisrun/audit": {
      "resolved": "packages/audit",
      "link": true
    },
    "node_modules/@irisrun/auth": {
      "resolved": "packages/auth",
      "link": true
    },
    "node_modules/@irisrun/bridge": {
      "resolved": "packages/bridge",
      "link": true
    },
    "node_modules/@irisrun/bundle-coding": {
      "resolved": "packages/bundle-coding",
      "link": true
    },
    "node_modules/@irisrun/channel-conformance": {
      "resolved": "packages/channel-conformance",
      "link": true
    },
    "node_modules/@irisrun/channel-core": {
      "resolved": "packages/channel-core",
      "link": true
    },
    "node_modules/@irisrun/channel-mcp": {
      "resolved": "packages/channel-mcp",
      "link": true
    },
    "node_modules/@irisrun/channel-rest": {
      "resolved": "packages/channel-rest",
      "link": true
    },
    "node_modules/@irisrun/channel-slack": {
      "resolved": "packages/channel-slack",
      "link": true
    },
    "node_modules/@irisrun/channel-web": {
      "resolved": "packages/channel-web",
      "link": true
    },
    "node_modules/@irisrun/client-sdk": {
      "resolved": "packages/client-sdk",
      "link": true
    },
    "node_modules/@irisrun/core": {
      "resolved": "packages/core",
      "link": true
    },
    "node_modules/@irisrun/demo": {
      "resolved": "packages/demo",
      "link": true
    },
    "node_modules/@irisrun/evals": {
      "resolved": "packages/evals",
      "link": true
    },
    "node_modules/@irisrun/host": {
      "resolved": "packages/host",
      "link": true
    },
    "node_modules/@irisrun/inspect": {
      "resolved": "packages/inspect",
      "link": true
    },
    "node_modules/@irisrun/journal-export": {
      "resolved": "packages/journal-export",
      "link": true
    },
    "node_modules/@irisrun/observe": {
      "resolved": "packages/observe",
      "link": true
    },
    "node_modules/@irisrun/provider-anthropic": {
      "resolved": "packages/provider-anthropic",
      "link": true
    },
    "node_modules/@irisrun/provider-compat": {
      "resolved": "packages/provider-compat",
      "link": true
    },
    "node_modules/@irisrun/provider-conformance": {
      "resolved": "packages/provider-conformance",
      "link": true
    },
    "node_modules/@irisrun/provider-openai": {
      "resolved": "packages/provider-openai",
      "link": true
    },
    "node_modules/@irisrun/sandbox": {
      "resolved": "packages/sandbox",
      "link": true
    },
    "node_modules/@irisrun/schedule": {
      "resolved": "packages/schedule",
      "link": true
    },
    "node_modules/@irisrun/sdk": {
      "resolved": "packages/sdk",
      "link": true
    },
    "node_modules/@irisrun/store-conformance": {
      "resolved": "packages/store-conformance",
      "link": true
    },
    "node_modules/@irisrun/store-do": {
      "resolved": "packages/store-do",
      "link": true
    },
    "node_modules/@irisrun/store-fs": {
      "resolved": "packages/store-fs",
      "link": true
    },
    "node_modules/@irisrun/store-memory": {
      "resolved": "packages/store-memory",
      "link": true
    },
    "node_modules/@irisrun/store-mongo": {
      "resolved": "packages/store-mongo",
      "link": true
    },
    "node_modules/@irisrun/store-mysql": {
      "resolved": "packages/store-mysql",
      "link": true
    },
    "node_modules/@irisrun/store-postgres": {
      "resolved": "packages/store-postgres",
      "link": true
    },
    "node_modules/@irisrun/store-redis": {
      "resolved": "packages/store-redis",
      "link": true
    },
    "node_modules/@irisrun/store-sqlite": {
      "resolved": "packages/store-sqlite",
      "link": true
    },
    "node_modules/@irisrun/subagents": {
      "resolved": "packages/subagents",
      "link": true
    },
    "node_modules/@irisrun/tests": {
      "resolved": "tests",
      "link": true
    },
    "node_modules/@irisrun/tools": {
      "resolved": "packages/tools",
      "link": true
    },
    "node_modules/@types/node": {
      "version": "25.9.3",
      "resolved": "https://registry.npmjs.org/@types/node/-/node-25.9.3.tgz",
      "integrity": "sha512-603BddQMv3pUcr4U2dhujk83N2tTDVr/34wII2B6bJy6g+8WD6yUb11jszNs0gdi4PesVWl7ABt8nYMVpnLUcg==",
      "dev": true,
      "license": "MIT",
      "dependencies": {
        "undici-types": ">=7.24.0 <7.24.7"
      }
    },
    "node_modules/iris-runtime": {
      "resolved": "packages/cli",
      "link": true
    },
    "node_modules/typescript": {
      "version": "6.0.3",
      "resolved": "https://registry.npmjs.org/typescript/-/typescript-6.0.3.tgz",
      "integrity": "sha512-y2TvuxSZPDyQakkFRPZHKFm+KKVqIisdg9/CZwm9ftvKXLP8NRWj38/ODjNbr43SsoXqNuAisEf1GdCxqWcdBw==",
      "dev": true,
      "license": "Apache-2.0",
      "bin": {
        "tsc": "bin/tsc",
        "tsserver": "bin/tsserver"
      },
      "engines": {
        "node": ">=14.17"
      }
    },
    "node_modules/undici-types": {
      "version": "7.24.6",
      "resolved": "https://registry.npmjs.org/undici-types/-/undici-types-7.24.6.tgz",
      "integrity": "sha512-WRNW+sJgj5OBN4/0JpHFqtqzhpbnV0GuB+OozA9gCL7a993SmU+1JBZCzLNxYsbMfIeDL+lTsphD5jN5N+n0zg==",
      "dev": true,
      "license": "MIT"
    },
    "packages/agent": {
      "name": "@irisrun/agent",
      "version": "0.3.0",
      "license": "MIT",
      "dependencies": {
        "@irisrun/core": "^0.3.0",
        "@irisrun/tools": "^0.3.0"
      },
      "engines": {
        "node": ">=24"
      }
    },
    "packages/audit": {
      "name": "@irisrun/audit",
      "version": "0.3.0",
      "license": "MIT",
      "dependencies": {
        "@irisrun/auth": "^0.3.0",
        "@irisrun/core": "^0.3.0"
      },
      "engines": {
        "node": ">=24"
      }
    },
    "packages/auth": {
      "name": "@irisrun/auth",
      "version": "0.3.0",
      "license": "MIT",
      "dependencies": {
        "@irisrun/core": "^0.3.0",
        "@irisrun/inspect": "^0.3.0"
      },
      "engines": {
        "node": ">=24"
      }
    },
    "packages/bridge": {
      "name": "@irisrun/bridge",
      "version": "0.3.0",
      "license": "MIT",
      "engines": {
        "node": ">=24"
      }
    },
    "packages/bundle-coding": {
      "name": "@irisrun/bundle-coding",
      "version": "0.3.0",
      "license": "MIT",
      "dependencies": {
        "@irisrun/core": "^0.3.0"
      },
      "engines": {
        "node": ">=24"
      }
    },
    "packages/channel-conformance": {
      "name": "@irisrun/channel-conformance",
      "version": "0.3.0",
      "license": "MIT",
      "dependencies": {
        "@irisrun/channel-core": "^0.3.0"
      },
      "engines": {
        "node": ">=24"
      }
    },
    "packages/channel-core": {
      "name": "@irisrun/channel-core",
      "version": "0.3.0",
      "license": "MIT",
      "dependencies": {
        "@irisrun/core": "^0.3.0"
      },
      "engines": {
        "node": ">=24"
      }
    },
    "packages/channel-mcp": {
      "name": "@irisrun/channel-mcp",
      "version": "0.3.0",
      "license": "MIT",
      "dependencies": {
        "@irisrun/channel-core": "^0.3.0",
        "@irisrun/core": "^0.3.0",
        "@irisrun/host": "^0.3.0"
      },
      "engines": {
        "node": ">=24"
      }
    },
    "packages/channel-rest": {
      "name": "@irisrun/channel-rest",
      "version": "0.3.0",
      "license": "MIT",
      "dependencies": {
        "@irisrun/channel-core": "^0.3.0",
        "@irisrun/core": "^0.3.0",
        "@irisrun/host": "^0.3.0"
      },
      "engines": {
        "node": ">=24"
      }
    },
    "packages/channel-slack": {
      "name": "@irisrun/channel-slack",
      "version": "0.3.0",
      "license": "MIT",
      "dependencies": {
        "@irisrun/auth": "^0.3.0",
        "@irisrun/channel-core": "^0.3.0",
        "@irisrun/core": "^0.3.0"
      },
      "engines": {
        "node": ">=24"
      }
    },
    "packages/channel-web": {
      "name": "@irisrun/channel-web",
      "version": "0.3.0",
      "license": "MIT",
      "engines": {
        "node": ">=24"
      }
    },
    "packages/cli": {
      "name": "iris-runtime",
      "version": "0.3.0",
      "license": "MIT",
      "dependencies": {
        "@irisrun/agent": "^0.3.0",
        "@irisrun/audit": "^0.3.0",
        "@irisrun/auth": "^0.3.0",
        "@irisrun/bridge": "^0.3.0",
        "@irisrun/channel-rest": "^0.3.0",
        "@irisrun/channel-web": "^0.3.0",
        "@irisrun/core": "^0.3.0",
        "@irisrun/evals": "^0.3.0",
        "@irisrun/host": "^0.3.0",
        "@irisrun/journal-export": "^0.3.0",
        "@irisrun/provider-anthropic": "^0.3.0",
        "@irisrun/provider-compat": "^0.3.0",
        "@irisrun/provider-conformance": "^0.3.0",
        "@irisrun/provider-openai": "^0.3.0",
        "@irisrun/schedule": "^0.3.0",
        "@irisrun/sdk": "^0.3.0",
        "@irisrun/store-do": "^0.3.0",
        "@irisrun/store-sqlite": "^0.3.0",
        "@irisrun/subagents": "^0.3.0",
        "@irisrun/tools": "^0.3.0"
      },
      "bin": {
        "iris": "dist/cli-main.js"
      },
      "engines": {
        "node": ">=24"
      }
    },
    "packages/client-sdk": {
      "name": "@irisrun/client-sdk",
      "version": "0.3.0",
      "license": "MIT",
      "dependencies": {
        "@irisrun/core": "^0.3.0"
      },
      "engines": {
        "node": ">=24"
      }
    },
    "packages/core": {
      "name": "@irisrun/core",
      "version": "0.3.0",
      "license": "MIT",
      "engines": {
        "node": ">=24"
      }
    },
    "packages/demo": {
      "name": "@irisrun/demo",
      "version": "0.3.0",
      "license": "MIT",
      "dependencies": {
        "@irisrun/core": "^0.3.0",
        "@irisrun/store-sqlite": "^0.3.0"
      }
    },
    "packages/evals": {
      "name": "@irisrun/evals",
      "version": "0.3.0",
      "license": "MIT",
      "dependencies": {
        "@irisrun/core": "^0.3.0",
        "@irisrun/inspect": "^0.3.0"
      },
      "engines": {
        "node": ">=24"
      }
    },
    "packages/host": {
      "name": "@irisrun/host",
      "version": "0.3.0",
      "license": "MIT",
      "dependencies": {
        "@irisrun/agent": "^0.3.0",
        "@irisrun/core": "^0.3.0"
      },
      "engines": {
        "node": ">=24"
      }
    },
    "packages/inspect": {
      "name": "@irisrun/inspect",
      "version": "0.3.0",
      "license": "MIT",
      "dependencies": {
        "@irisrun/core": "^0.3.0"
      },
      "engines": {
        "node": ">=24"
      }
    },
    "packages/journal-export": {
      "name": "@irisrun/journal-export",
      "version": "0.3.0",
      "license": "MIT",
      "dependencies": {
        "@irisrun/audit": "^0.3.0",
        "@irisrun/core": "^0.3.0"
      },
      "engines": {
        "node": ">=24"
      }
    },
    "packages/observe": {
      "name": "@irisrun/observe",
      "version": "0.3.0",
      "license": "MIT",
      "dependencies": {
        "@irisrun/core": "^0.3.0",
        "@irisrun/inspect": "^0.3.0"
      },
      "engines": {
        "node": ">=24"
      }
    },
    "packages/provider-anthropic": {
      "name": "@irisrun/provider-anthropic",
      "version": "0.3.0",
      "license": "MIT",
      "dependencies": {
        "@irisrun/core": "^0.3.0"
      },
      "engines": {
        "node": ">=24"
      }
    },
    "packages/provider-compat": {
      "name": "@irisrun/provider-compat",
      "version": "0.3.0",
      "license": "MIT",
      "engines": {
        "node": ">=24"
      }
    },
    "packages/provider-conformance": {
      "name": "@irisrun/provider-conformance",
      "version": "0.3.0",
      "license": "MIT",
      "dependencies": {
        "@irisrun/core": "^0.3.0"
      },
      "engines": {
        "node": ">=24"
      }
    },
    "packages/provider-openai": {
      "name": "@irisrun/provider-openai",
      "version": "0.3.0",
      "license": "MIT",
      "dependencies": {
        "@irisrun/core": "^0.3.0"
      },
      "engines": {
        "node": ">=24"
      }
    },
    "packages/sandbox": {
      "name": "@irisrun/sandbox",
      "version": "0.3.0",
      "license": "MIT",
      "dependencies": {
        "@irisrun/core": "^0.3.0"
      },
      "engines": {
        "node": ">=24"
      }
    },
    "packages/schedule": {
      "name": "@irisrun/schedule",
      "version": "0.3.0",
      "license": "MIT",
      "dependencies": {
        "@irisrun/core": "^0.3.0",
        "@irisrun/host": "^0.3.0"
      },
      "engines": {
        "node": ">=24"
      }
    },
    "packages/sdk": {
      "name": "@irisrun/sdk",
      "version": "0.3.0",
      "license": "MIT",
      "dependencies": {
        "@irisrun/channel-conformance": "^0.3.0",
        "@irisrun/channel-core": "^0.3.0",
        "@irisrun/channel-rest": "^0.3.0",
        "@irisrun/core": "^0.3.0",
        "@irisrun/host": "^0.3.0",
        "@irisrun/provider-conformance": "^0.3.0",
        "@irisrun/store-conformance": "^0.3.0"
      },
      "engines": {
        "node": ">=24"
      }
    },
    "packages/store-conformance": {
      "name": "@irisrun/store-conformance",
      "version": "0.3.0",
      "license": "MIT",
      "dependencies": {
        "@irisrun/core": "^0.3.0"
      },
      "engines": {
        "node": ">=24"
      }
    },
    "packages/store-do": {
      "name": "@irisrun/store-do",
      "version": "0.3.0",
      "license": "MIT",
      "dependencies": {
        "@irisrun/core": "^0.3.0"
      },
      "engines": {
        "node": ">=24"
      }
    },
    "packages/store-fs": {
      "name": "@irisrun/store-fs",
      "version": "0.3.0",
      "license": "MIT",
      "dependencies": {
        "@irisrun/core": "^0.3.0"
      },
      "engines": {
        "node": ">=24"
      }
    },
    "packages/store-memory": {
      "name": "@irisrun/store-memory",
      "version": "0.3.0",
      "license": "MIT",
      "dependencies": {
        "@irisrun/core": "^0.3.0"
      },
      "engines": {
        "node": ">=24"
      }
    },
    "packages/store-mongo": {
      "name": "@irisrun/store-mongo",
      "version": "0.3.0",
      "license": "MIT",
      "dependencies": {
        "@irisrun/core": "^0.3.0",
        "@irisrun/schedule": "^0.3.0"
      },
      "engines": {
        "node": ">=24"
      },
      "peerDependencies": {
        "mongodb": ">=6"
      },
      "peerDependenciesMeta": {
        "mongodb": {
          "optional": true
        }
      }
    },
    "packages/store-mysql": {
      "name": "@irisrun/store-mysql",
      "version": "0.3.0",
      "license": "MIT",
      "dependencies": {
        "@irisrun/core": "^0.3.0",
        "@irisrun/schedule": "^0.3.0"
      },
      "engines": {
        "node": ">=24"
      },
      "peerDependencies": {
        "mysql2": ">=3"
      },
      "peerDependenciesMeta": {
        "mysql2": {
          "optional": true
        }
      }
    },
    "packages/store-postgres": {
      "name": "@irisrun/store-postgres",
      "version": "0.3.0",
      "license": "MIT",
      "dependencies": {
        "@irisrun/core": "^0.3.0",
        "@irisrun/schedule": "^0.3.0"
      },
      "engines": {
        "node": ">=24"
      },
      "peerDependencies": {
        "pg": ">=8"
      },
      "peerDependenciesMeta": {
        "pg": {
          "optional": true
        }
      }
    },
    "packages/store-redis": {
      "name": "@irisrun/store-redis",
      "version": "0.3.0",
      "license": "MIT",
      "dependencies": {
        "@irisrun/core": "^0.3.0",
        "@irisrun/schedule": "^0.3.0"
      },
      "engines": {
        "node": ">=24"
      },
      "peerDependencies": {
        "redis": ">=4"
      },
      "peerDependenciesMeta": {
        "redis": {
          "optional": true
        }
      }
    },
    "packages/store-sqlite": {
      "name": "@irisrun/store-sqlite",
      "version": "0.3.0",
      "license": "MIT",
      "dependencies": {
        "@irisrun/core": "^0.3.0"
      },
      "engines": {
        "node": ">=24"
      }
    },
    "packages/subagents": {
      "name": "@irisrun/subagents",
      "version": "0.3.0",
      "license": "MIT",
      "dependencies": {
        "@irisrun/core": "^0.3.0",
        "@irisrun/host": "^0.3.0"
      },
      "engines": {
        "node": ">=24"
      }
    },
    "packages/tools": {
      "name": "@irisrun/tools",
      "version": "0.3.0",
      "license": "MIT",
      "dependencies": {
        "@irisrun/core": "^0.3.0"
      },
      "engines": {
        "node": ">=24"
      }
    },
    "tests": {
      "name": "@irisrun/tests",
      "version": "0.0.0",
      "dependencies": {
        "@irisrun/agent": "*",
        "@irisrun/audit": "*",
        "@irisrun/auth": "*",
        "@irisrun/bundle-coding": "*",
        "@irisrun/channel-core": "*",
        "@irisrun/channel-mcp": "*",
        "@irisrun/channel-rest": "*",
        "@irisrun/channel-slack": "*",
        "@irisrun/core": "*",
        "@irisrun/demo": "*",
        "@irisrun/evals": "*",
        "@irisrun/host": "*",
        "@irisrun/inspect": "*",
        "@irisrun/journal-export": "*",
        "@irisrun/observe": "*",
        "@irisrun/provider-anthropic": "*",
        "@irisrun/provider-compat": "*",
        "@irisrun/provider-openai": "*",
        "@irisrun/sandbox": "*",
        "@irisrun/store-do": "*",
        "@irisrun/store-fs": "*",
        "@irisrun/store-memory": "*",
        "@irisrun/store-sqlite": "*",
        "@irisrun/tools": "*",
        "iris-runtime": "*"
      }
    }
  }
}
